
Microsoft Visual Studio Solution File, Format Version 12.00
# Visual Studio Version 16
VisualStudioVersion = 16.0.31702.278
MinimumVisualStudioVersion = 10.0.40219.1
Project("{FAE04EC0-301F-11D3-BF4B-00C04F79EFBC}") = "GameEngine", "GameEngine\GameEngine.csproj", "{1321449B-DDB3-471C-9936-2A20ED94575E}"
EndProject
Project("{FAE04EC0-301F-11D3-BF4B-00C04F79EFBC}") = "GameEngine.Tests", "GameEngine.Tests\GameEngine.Tests.csproj", "{1E7E9741-4907-4832-B9D7-592CDEB15D02}"
EndProject
Global
	GlobalSection(SolutionConfigurationPlatforms) = preSolution
		Debug|Any CPU = Debug|Any CPU
		Release|Any CPU = Release|Any CPU
	EndGlobalSection
	GlobalSection(ProjectConfigurationPlatforms) = postSolution
		{1321449B-DDB3-471C-9936-2A20ED94575E}.Debug|Any CPU.ActiveCfg = Debug|Any CPU
		{1321449B-DDB3-471C-9936-2A20ED94575E}.Debug|Any CPU.Build.0 = Debug|Any CPU
		{1321449B-DDB3-471C-9936-2A20ED94575E}.Release|Any CPU.ActiveCfg = Release|Any CPU
		{1321449B-DDB3-471C-9936-2A20ED94575E}.Release|Any CPU.Build.0 = Release|Any CPU
		{1E7E9741-4907-4832-B9D7-592CDEB15D02}.Debug|Any CPU.ActiveCfg = Debug|Any CPU
		{1E7E9741-4907-4832-B9D7-592CDEB15D02}.Debug|Any CPU.Build.0 = Debug|Any CPU
		{1E7E9741-4907-4832-B9D7-592CDEB15D02}.Release|Any CPU.ActiveCfg = Release|Any CPU
		{1E7E9741-4907-4832-B9D7-592CDEB15D02}.Release|Any CPU.Build.0 = Release|Any CPU
	EndGlobalSection
	GlobalSection(SolutionProperties) = preSolution
		HideSolutionNode = FALSE
	EndGlobalSection
	GlobalSection(ExtensibilityGlobals) = postSolution
		SolutionGuid = {043D0D7F-14B2-4485-8B1A-3DAF72156DDE}
	EndGlobalSection
EndGlobal
